
Microsoft Visual Studio Solution File, Format Version 12.00
# Visual Studio 14
VisualStudioVersion = 14.0.25420.1
MinimumVisualStudioVersion = 10.0.40219.1
Project("{FAE04EC0-301F-11D3-BF4B-00C04F79EFBC}") = "ReconcileEmail", "ReconcileEmail\ReconcileEmail.csproj", "{3FEC9DB4-59EE-4D4A-B3C2-06BFA2153861}"
EndProject
Global
	GlobalSection(SolutionConfigurationPlatforms) = preSolution
		Debug|Any CPU = Debug|Any CPU
		Release|Any CPU = Release|Any CPU
	EndGlobalSection
	GlobalSection(ProjectConfigurationPlatforms) = postSolution
		{3FEC9DB4-59EE-4D4A-B3C2-06BFA2153861}.Debug|Any CPU.ActiveCfg = Debug|Any CPU
		{3FEC9DB4-59EE-4D4A-B3C2-06BFA2153861}.Debug|Any CPU.Build.0 = Debug|Any CPU
		{3FEC9DB4-59EE-4D4A-B3C2-06BFA2153861}.Release|Any CPU.ActiveCfg = Release|Any CPU
		{3FEC9DB4-59EE-4D4A-B3C2-06BFA2153861}.Release|Any CPU.Build.0 = Release|Any CPU
	EndGlobalSection
	GlobalSection(SolutionProperties) = preSolution
		HideSolutionNode = FALSE
	EndGlobalSection
EndGlobal
